
Microsoft Visual Studio Solution File, Format Version 12.00
# Visual Studio 15
VisualStudioVersion = 15.0.28010.2019
MinimumVisualStudioVersion = 10.0.40219.1
Project("{FAE04EC0-301F-11D3-BF4B-00C04F79EFBC}") = "WBE_RomanToInteger", "WBE_RomanToInteger\WBE_RomanToInteger.csproj", "{9D2EAF01-0950-4027-8189-8FCFBDA5FFD3}"
EndProject
Global
	GlobalSection(SolutionConfigurationPlatforms) = preSolution
		Debug|Any CPU = Debug|Any CPU
		Release|Any CPU = Release|Any CPU
	EndGlobalSection
	GlobalSection(ProjectConfigurationPlatforms) = postSolution
		{9D2EAF01-0950-4027-8189-8FCFBDA5FFD3}.Debug|Any CPU.ActiveCfg = Debug|Any CPU
		{9D2EAF01-0950-4027-8189-8FCFBDA5FFD3}.Debug|Any CPU.Build.0 = Debug|Any CPU
		{9D2EAF01-0950-4027-8189-8FCFBDA5FFD3}.Release|Any CPU.ActiveCfg = Release|Any CPU
		{9D2EAF01-0950-4027-8189-8FCFBDA5FFD3}.Release|Any CPU.Build.0 = Release|Any CPU
	EndGlobalSection
	GlobalSection(SolutionProperties) = preSolution
		HideSolutionNode = FALSE
	EndGlobalSection
	GlobalSection(ExtensibilityGlobals) = postSolution
		SolutionGuid = {95BD6E16-1FF1-43C8-9BD7-67474DE28A63}
	EndGlobalSection
EndGlobal
